github.com/ebitengine/purego v0.8.1 h1:sdRKd6plj7KYW33EH5As6YKfe8m9zbN9JMrOjNVF/BE=
github.com/ebitengine/purego v0.8.1/go.mod h1:iIjxzd6CiRiOG0UyXP+V1+jWqUXVjPKLAI0mRfJZTmQ=
github.com/xDarkicex/memory v1.0.0 h1:STIHEZjGL4ELXSpX9cOjklk4Whl8GXHcDJ8kd/K4iXQ=
github.com/xDarkicex/memory v1.0.0/go.mod h1:/bmoTbc0469IaLSJy6q7uImKT7zslFGF4xGg5q3i7f8=
github.com/xDarkicex/slabby v1.0.0 h1:SsLuOx7p8fY4dd9FfxUEl022zntwus4iDrOe89RQyc4=
github.com/xDarkicex/slabby v1.0.0/go.mod h1:44xzgtBcFVGCgLOWx9yt8TrqA83IW+cWrymclpr/M6M=
golang.org/x/sys v0.43.0 h1:Rlag2XtaFTxp19wS8MXlJwTvoh8ArU6ezoyFsMyCTNI=
golang.org/x/sys v0.43.0/go.mod h1:4GL1E5IUh+htKOUEOaiffhrAeqysfVGipDYzABqnCmw=
